// !$*UTF8*$!
{
	archiveVersion = 1;
	classes = {
	};
	objectVersion = 50;
	objects = {

/* Begin PBXBuildFile section */
		0BAD4DE0850EE5C0365D9EDF /* Pods_iWeatherTests.framework in Frameworks */ = {isa = PBXBuildFile; fileRef = 5CA198A093FDD6EE8D6A7495 /* Pods_iWeatherTests.framework */; };
		0DF5885B13818C169A7AAA2A /* Pods_iWeather.framework in Frameworks */ = {isa = PBXBuildFile; fileRef = F23D405E34090FA41BFABAB8 /* Pods_iWeather.framework */; };
		D06783EB22302CE200739A80 /* AppDelegate.swift in Sources */ = {isa = PBXBuildFile; fileRef = D06783EA22302CE200739A80 /* AppDelegate.swift */; };
		D06783F222302CE400739A80 /* Assets.xcassets in Resources */ = {isa = PBXBuildFile; fileRef = D06783F122302CE300739A80 /* Assets.xcassets */; };
		D06783F522302CE400739A80 /* LaunchScreen.storyboard in Resources */ = {isa = PBXBuildFile; fileRef = D06783F322302CE400739A80 /* LaunchScreen.storyboard */; };
		D067840022302CE400739A80 /* iWeatherTests.swift in Sources */ = {isa = PBXBuildFile; fileRef = D06783FF22302CE400739A80 /* iWeatherTests.swift */; };
		D067841022302DB600739A80 /* iButton.swift in Sources */ = {isa = PBXBuildFile; fileRef = D067840F22302DB600739A80 /* iButton.swift */; };
		D067841222302DD300739A80 /* ChangeCityViewController.swift in Sources */ = {isa = PBXBuildFile; fileRef = D067841122302DD300739A80 /* ChangeCityViewController.swift */; };
		D067841422302DDA00739A80 /* ViewController.swift in Sources */ = {isa = PBXBuildFile; fileRef = D067841322302DDA00739A80 /* ViewController.swift */; };
		D067841622302E1100739A80 /* Main.storyboard in Resources */ = {isa = PBXBuildFile; fileRef = D067841522302E1100739A80 /* Main.storyboard */; };
		D0C63D2C22318547000EF43E /* WeatherDataModel.swift in Sources */ = {isa = PBXBuildFile; fileRef = D0C63D2B22318547000EF43E /* WeatherDataModel.swift */; };
/* End PBXBuildFile section */

/* Begin PBXContainerItemProxy section */
		D06783FC22302CE400739A80 /* PBXContainerItemProxy */ = {
			isa = PBXContainerItemProxy;
			containerPortal = D06783DF22302CE200739A80 /* Project object */;
			proxyType = 1;
			remoteGlobalIDString = D06783E622302CE200739A80;
			remoteInfo = iWeather;
		};
/* End PBXContainerItemProxy section */

/* Begin PBXFileReference section */
		34DA4F53F54262DDC95AD76A /* Pods-iWeatherTests.debug.xcconfig */ = {isa = PBXFileReference; includeInIndex = 1; lastKnownFileType = text.xcconfig; name = "Pods-iWeatherTests.debug.xcconfig"; path = "Pods/Target Support Files/Pods-iWeatherTests/Pods-iWeatherTests.debug.xcconfig"; sourceTree = "<group>"; };
		51F40FB7CFB2797386B20CFE /* Pods-iWeatherTests.release.xcconfig */ = {isa = PBXFileReference; includeInIndex = 1; lastKnownFileType = text.xcconfig; name = "Pods-iWeatherTests.release.xcconfig"; path = "Pods/Target Support Files/Pods-iWeatherTests/Pods-iWeatherTests.release.xcconfig"; sourceTree = "<group>"; };
		5CA198A093FDD6EE8D6A7495 /* Pods_iWeatherTests.framework */ = {isa = PBXFileReference; explicitFileType = wrapper.framework; includeInIndex = 0; path = Pods_iWeatherTests.framework; sourceTree = BUILT_PRODUCTS_DIR; };
		775A8FF0A360394AFFD5430D /* Pods-iWeather.release.xcconfig */ = {isa = PBXFileReference; includeInIndex = 1; lastKnownFileType = text.xcconfig; name = "Pods-iWeather.release.xcconfig"; path = "Pods/Target Support Files/Pods-iWeather/Pods-iWeather.release.xcconfig"; sourceTree = "<group>"; };
		D06783E722302CE200739A80 /* iWeather.app */ = {isa = PBXFileReference; explicitFileType = wrapper.application; includeInIndex = 0; path = iWeather.app; sourceTree = BUILT_PRODUCTS_DIR; };
		D06783EA22302CE200739A80 /* AppDelegate.swift */ = {isa = PBXFileReference; lastKnownFileType = sourcecode.swift; path = AppDelegate.swift; sourceTree = "<group>"; };
		D06783F122302CE300739A80 /* Assets.xcassets */ = {isa = PBXFileReference; lastKnownFileType = folder.assetcatalog; path = Assets.xcassets; sourceTree = "<group>"; };
		D06783F422302CE400739A80 /* Base */ = {isa = PBXFileReference; lastKnownFileType = file.storyboard; name = Base; path = Base.lproj/LaunchScreen.storyboard; sourceTree = "<group>"; };
		D06783F622302CE400739A80 /* Info.plist */ = {isa = PBXFileReference; lastKnownFileType = text.plist.xml; path = Info.plist; sourceTree = "<group>"; };
		D06783FB22302CE400739A80 /* iWeatherTests.xctest */ = {isa = PBXFileReference; explicitFileType = wrapper.cfbundle; includeInIndex = 0; path = iWeatherTests.xctest; sourceTree = BUILT_PRODUCTS_DIR; };
		D06783FF22302CE400739A80 /* iWeatherTests.swift */ = {isa = PBXFileReference; lastKnownFileType = sourcecode.swift; path = iWeatherTests.swift; sourceTree = "<group>"; };
		D067840122302CE400739A80 /* Info.plist */ = {isa = PBXFileReference; lastKnownFileType = text.plist.xml; path = Info.plist; sourceTree = "<group>"; };
		D067840F22302DB600739A80 /* iButton.swift */ = {isa = PBXFileReference; fileEncoding = 4; lastKnownFileType = sourcecode.swift; path = iButton.swift; sourceTree = "<group>"; };
		D067841122302DD300739A80 /* ChangeCityViewController.swift */ = {isa = PBXFileReference; fileEncoding = 4; lastKnownFileType = sourcecode.swift; path = ChangeCityViewController.swift; sourceTree = "<group>"; };
		D067841322302DDA00739A80 /* ViewController.swift */ = {isa = PBXFileReference; fileEncoding = 4; lastKnownFileType = sourcecode.swift; path = ViewController.swift; sourceTree = "<group>"; };
		D067841522302E1100739A80 /* Main.storyboard */ = {isa = PBXFileReference; fileEncoding = 4; lastKnownFileType = file.storyboard; path = Main.storyboard; sourceTree = "<group>"; };
		D0C63D2B22318547000EF43E /* WeatherDataModel.swift */ = {isa = PBXFileReference; lastKnownFileType = sourcecode.swift; path = WeatherDataModel.swift; sourceTree = "<group>"; };
		F23D405E34090FA41BFABAB8 /* Pods_iWeather.framework */ = {isa = PBXFileReference; explicitFileType = wrapper.framework; includeInIndex = 0; path = Pods_iWeather.framework; sourceTree = BUILT_PRODUCTS_DIR; };
		F61EBAA6FEAB3EE888C6A038 /* Pods-iWeather.debug.xcconfig */ = {isa = PBXFileReference; includeInIndex = 1; lastKnownFileType = text.xcconfig; name = "Pods-iWeather.debug.xcconfig"; path = "Pods/Target Support Files/Pods-iWeather/Pods-iWeather.debug.xcconfig"; sourceTree = "<group>"; };
/* End PBXFileReference section */

/* Begin PBXFrameworksBuildPhase section */
		D06783E422302CE200739A80 /* Frameworks */ = {
			isa = PBXFrameworksBuildPhase;
			buildActionMask = 2147483647;
			files = (
				0DF5885B13818C169A7AAA2A /* Pods_iWeather.framework in Frameworks */,
			);
			runOnlyForDeploymentPostprocessing = 0;
		};
		D06783F822302CE400739A80 /* Frameworks */ = {
			isa = PBXFrameworksBuildPhase;
			buildActionMask = 2147483647;
			files = (
				0BAD4DE0850EE5C0365D9EDF /* Pods_iWeatherTests.framework in Frameworks */,
			);
			runOnlyForDeploymentPostprocessing = 0;
		};
/* End PBXFrameworksBuildPhase section */

/* Begin PBXGroup section */
		8710F9EF247828D880AA2A2B /* Frameworks */ = {
			isa = PBXGroup;
			children = (
				F23D405E34090FA41BFABAB8 /* Pods_iWeather.framework */,
				5CA198A093FDD6EE8D6A7495 /* Pods_iWeatherTests.framework */,
			);
			name = Frameworks;
			sourceTree = "<group>";
		};
		D06783DE22302CE200739A80 = {
			isa = PBXGroup;
			children = (
				D06783E922302CE200739A80 /* iWeather */,
				D06783FE22302CE400739A80 /* iWeatherTests */,
				D06783E822302CE200739A80 /* Products */,
				E69EDE82D151A645097B21DC /* Pods */,
				8710F9EF247828D880AA2A2B /* Frameworks */,
			);
			sourceTree = "<group>";
		};
		D06783E822302CE200739A80 /* Products */ = {
			isa = PBXGroup;
			children = (
				D06783E722302CE200739A80 /* iWeather.app */,
				D06783FB22302CE400739A80 /* iWeatherTests.xctest */,
			);
			name = Products;
			sourceTree = "<group>";
		};
		D06783E922302CE200739A80 /* iWeather */ = {
			isa = PBXGroup;
			children = (
				D067840E22302DA500739A80 /* Utils */,
				D067840D22302D9A00739A80 /* Support Files */,
				D067840C22302D8E00739A80 /* Controller */,
				D067840B22302D7A00739A80 /* View */,
				D067840A22302D7500739A80 /* Model */,
			);
			path = iWeather;
			sourceTree = "<group>";
		};
		D06783FE22302CE400739A80 /* iWeatherTests */ = {
			isa = PBXGroup;
			children = (
				D06783FF22302CE400739A80 /* iWeatherTests.swift */,
				D067840122302CE400739A80 /* Info.plist */,
			);
			path = iWeatherTests;
			sourceTree = "<group>";
		};
		D067840A22302D7500739A80 /* Model */ = {
			isa = PBXGroup;
			children = (
				D0C63D2B22318547000EF43E /* WeatherDataModel.swift */,
			);
			path = Model;
			sourceTree = "<group>";
		};
		D067840B22302D7A00739A80 /* View */ = {
			isa = PBXGroup;
			children = (
				D067841522302E1100739A80 /* Main.storyboard */,
				D06783F322302CE400739A80 /* LaunchScreen.storyboard */,
				D06783F122302CE300739A80 /* Assets.xcassets */,
			);
			path = View;
			sourceTree = "<group>";
		};
		D067840C22302D8E00739A80 /* Controller */ = {
			isa = PBXGroup;
			children = (
				D06783EA22302CE200739A80 /* AppDelegate.swift */,
				D067841322302DDA00739A80 /* ViewController.swift */,
				D067841122302DD300739A80 /* ChangeCityViewController.swift */,
			);
			path = Controller;
			sourceTree = "<group>";
		};
		D067840D22302D9A00739A80 /* Support Files */ = {
			isa = PBXGroup;
			children = (
				D06783F622302CE400739A80 /* Info.plist */,
			);
			path = "Support Files";
			sourceTree = "<group>";
		};
		D067840E22302DA500739A80 /* Utils */ = {
			isa = PBXGroup;
			children = (
				D067840F22302DB600739A80 /* iButton.swift */,
			);
			path = Utils;
			sourceTree = "<group>";
		};
		E69EDE82D151A645097B21DC /* Pods */ = {
			isa = PBXGroup;
			children = (
				F61EBAA6FEAB3EE888C6A038 /* Pods-iWeather.debug.xcconfig */,
				775A8FF0A360394AFFD5430D /* Pods-iWeather.release.xcconfig */,
				34DA4F53F54262DDC95AD76A /* Pods-iWeatherTests.debug.xcconfig */,
				51F40FB7CFB2797386B20CFE /* Pods-iWeatherTests.release.xcconfig */,
			);
			name = Pods;
			sourceTree = "<group>";
		};
/* End PBXGroup section */

/* Begin PBXNativeTarget section */
		D06783E622302CE200739A80 /* iWeather */ = {
			isa = PBXNativeTarget;
			buildConfigurationList = D067840422302CE400739A80 /* Build configuration list for PBXNativeTarget "iWeather" */;
			buildPhases = (
				C6818C3DC480F510E2C45CFE /* [CP] Check Pods Manifest.lock */,
				D06783E322302CE200739A80 /* Sources */,
				D06783E422302CE200739A80 /* Frameworks */,
				D06783E522302CE200739A80 /* Resources */,
				50372F973EB77122A0242A34 /* [CP] Embed Pods Frameworks */,
			);
			buildRules = (
			);
			dependencies = (
			);
			name = iWeather;
			productName = iWeather;
			productReference = D06783E722302CE200739A80 /* iWeather.app */;
			productType = "com.apple.product-type.application";
		};
		D06783FA22302CE400739A80 /* iWeatherTests */ = {
			isa = PBXNativeTarget;
			buildConfigurationList = D067840722302CE400739A80 /* Build configuration list for PBXNativeTarget "iWeatherTests" */;
			buildPhases = (
				60C9034DB24B20A4DAE84349 /* [CP] Check Pods Manifest.lock */,
				D06783F722302CE400739A80 /* Sources */,
				D06783F822302CE400739A80 /* Frameworks */,
				D06783F922302CE400739A80 /* Resources */,
			);
			buildRules = (
			);
			dependencies = (
				D06783FD22302CE400739A80 /* PBXTargetDependency */,
			);
			name = iWeatherTests;
			productName = iWeatherTests;
			productReference = D06783FB22302CE400739A80 /* iWeatherTests.xctest */;
			productType = "com.apple.product-type.bundle.unit-test";
		};
/* End PBXNativeTarget section */

/* Begin PBXProject section */
		D06783DF22302CE200739A80 /* Project object */ = {
			isa = PBXProject;
			attributes = {
				LastSwiftUpdateCheck = 1010;
				LastUpgradeCheck = 1010;
				ORGANIZATIONNAME = xProject;
				TargetAttributes = {
					D06783E622302CE200739A80 = {
						CreatedOnToolsVersion = 10.1;
					};
					D06783FA22302CE400739A80 = {
						CreatedOnToolsVersion = 10.1;
						TestTargetID = D06783E622302CE200739A80;
					};
				};
			};
			buildConfigurationList = D06783E222302CE200739A80 /* Build configuration list for PBXProject "iWeather" */;
			compatibilityVersion = "Xcode 9.3";
			developmentRegion = en;
			hasScannedForEncodings = 0;
			knownRegions = (
				en,
				Base,
			);
			mainGroup = D06783DE22302CE200739A80;
			productRefGroup = D06783E822302CE200739A80 /* Products */;
			projectDirPath = "";
			projectRoot = "";
			targets = (
				D06783E622302CE200739A80 /* iWeather */,
				D06783FA22302CE400739A80 /* iWeatherTests */,
			);
		};
/* End PBXProject section */

/* Begin PBXResourcesBuildPhase section */
		D06783E522302CE200739A80 /* Resources */ = {
			isa = PBXResourcesBuildPhase;
			buildActionMask = 2147483647;
			files = (
				D06783F522302CE400739A80 /* LaunchScreen.storyboard in Resources */,
				D06783F222302CE400739A80 /* Assets.xcassets in Resources */,
				D067841622302E1100739A80 /* Main.storyboard in Resources */,
			);
			runOnlyForDeploymentPostprocessing = 0;
		};
		D06783F922302CE400739A80 /* Resources */ = {
			isa = PBXResourcesBuildPhase;
			buildActionMask = 2147483647;
			files = (
			);
			runOnlyForDeploymentPostprocessing = 0;
		};
/* End PBXResourcesBuildPhase section */

/* Begin PBXShellScriptBuildPhase section */
		50372F973EB77122A0242A34 /* [CP] Embed Pods Frameworks */ = {
			isa = PBXShellScriptBuildPhase;
			buildActionMask = 2147483647;
			files = (
			);
			inputPaths = (
				"${SRCROOT}/Pods/Target Support Files/Pods-iWeather/Pods-iWeather-frameworks.sh",
				"${BUILT_PRODUCTS_DIR}/Alamofire/Alamofire.framework",
				"${BUILT_PRODUCTS_DIR}/SVProgressHUD/SVProgressHUD.framework",
				"${BUILT_PRODUCTS_DIR}/SwiftyJSON/SwiftyJSON.framework",
			);
			name = "[CP] Embed Pods Frameworks";
			outputPaths = (
				"${TARGET_BUILD_DIR}/${FRAMEWORKS_FOLDER_PATH}/Alamofire.framework",
				"${TARGET_BUILD_DIR}/${FRAMEWORKS_FOLDER_PATH}/SVProgressHUD.framework",
				"${TARGET_BUILD_DIR}/${FRAMEWORKS_FOLDER_PATH}/SwiftyJSON.framework",
			);
			runOnlyForDeploymentPostprocessing = 0;
			shellPath = /bin/sh;
			shellScript = "\"${SRCROOT}/Pods/Target Support Files/Pods-iWeather/Pods-iWeather-frameworks.sh\"\n";
			showEnvVarsInLog = 0;
		};
		60C9034DB24B20A4DAE84349 /* [CP] Check Pods Manifest.lock */ = {
			isa = PBXShellScriptBuildPhase;
			buildActionMask = 2147483647;
			files = (
			);
			inputPaths = (
				"${PODS_PODFILE_DIR_PATH}/Podfile.lock",
				"${PODS_ROOT}/Manifest.lock",
			);
			name = "[CP] Check Pods Manifest.lock";
			outputPaths = (
				"$(DERIVED_FILE_DIR)/Pods-iWeatherTests-checkManifestLockResult.txt",
			);
			runOnlyForDeploymentPostprocessing = 0;
			shellPath = /bin/sh;
			shellScript = "diff \"${PODS_PODFILE_DIR_PATH}/Podfile.lock\" \"${PODS_ROOT}/Manifest.lock\" > /dev/null\nif [ $? != 0 ] ; then\n    # print error to STDERR\n    echo \"error: The sandbox is not in sync with the Podfile.lock. Run 'pod install' or update your CocoaPods installation.\" >&2\n    exit 1\nfi\n# This output is used by Xcode 'outputs' to avoid re-running this script phase.\necho \"SUCCESS\" > \"${SCRIPT_OUTPUT_FILE_0}\"\n";
			showEnvVarsInLog = 0;
		};
		C6818C3DC480F510E2C45CFE /* [CP] Check Pods Manifest.lock */ = {
			isa = PBXShellScriptBuildPhase;
			buildActionMask = 2147483647;
			files = (
			);
			inputPaths = (
				"${PODS_PODFILE_DIR_PATH}/Podfile.lock",
				"${PODS_ROOT}/Manifest.lock",
			);
			name = "[CP] Check Pods Manifest.lock";
			outputPaths = (
				"$(DERIVED_FILE_DIR)/Pods-iWeather-checkManifestLockResult.txt",
			);
			runOnlyForDeploymentPostprocessing = 0;
			shellPath = /bin/sh;
			shellScript = "diff \"${PODS_PODFILE_DIR_PATH}/Podfile.lock\" \"${PODS_ROOT}/Manifest.lock\" > /dev/null\nif [ $? != 0 ] ; then\n    # print error to STDERR\n    echo \"error: The sandbox is not in sync with the Podfile.lock. Run 'pod install' or update your CocoaPods installation.\" >&2\n    exit 1\nfi\n# This output is used by Xcode 'outputs' to avoid re-running this script phase.\necho \"SUCCESS\" > \"${SCRIPT_OUTPUT_FILE_0}\"\n";
			showEnvVarsInLog = 0;
		};
/* End PBXShellScriptBuildPhase section */

/* Begin PBXSourcesBuildPhase section */
		D06783E322302CE200739A80 /* Sources */ = {
			isa = PBXSourcesBuildPhase;
			buildActionMask = 2147483647;
			files = (
				D067841422302DDA00739A80 /* ViewController.swift in Sources */,
				D0C63D2C22318547000EF43E /* WeatherDataModel.swift in Sources */,
				D067841022302DB600739A80 /* iButton.swift in Sources */,
				D06783EB22302CE200739A80 /* AppDelegate.swift in Sources */,
				D067841222302DD300739A80 /* ChangeCityViewController.swift in Sources */,
			);
			runOnlyForDeploymentPostprocessing = 0;
		};
		D06783F722302CE400739A80 /* Sources */ = {
			isa = PBXSourcesBuildPhase;
			buildActionMask = 2147483647;
			files = (
				D067840022302CE400739A80 /* iWeatherTests.swift in Sources */,
			);
			runOnlyForDeploymentPostprocessing = 0;
		};
/* End PBXSourcesBuildPhase section */

/* Begin PBXTargetDependency section */
		D06783FD22302CE400739A80 /* PBXTargetDependency */ = {
			isa = PBXTargetDependency;
			target = D06783E622302CE200739A80 /* iWeather */;
			targetProxy = D06783FC22302CE400739A80 /* PBXContainerItemProxy */;
		};
/* End PBXTargetDependency section */

/* Begin PBXVariantGroup section */
		D06783F322302CE400739A80 /* LaunchScreen.storyboard */ = {
			isa = PBXVariantGroup;
			children = (
				D06783F422302CE400739A80 /* Base */,
			);
			name = LaunchScreen.storyboard;
			sourceTree = "<group>";
		};
/* End PBXVariantGroup section */

/* Begin XCBuildConfiguration section */
		D067840222302CE400739A80 /* Debug */ = {
			isa = XCBuildConfiguration;
			buildSettings = {
				ALWAYS_SEARCH_USER_PATHS = NO;
				CLANG_ANALYZER_NONNULL = YES;
				CLANG_ANALYZER_NUMBER_OBJECT_CONVERSION = YES_AGGRESSIVE;
				CLANG_CXX_LANGUAGE_STANDARD = "gnu++14";
				CLANG_CXX_LIBRARY = "libc++";
				CLANG_ENABLE_MODULES = YES;
				CLANG_ENABLE_OBJC_ARC = YES;
				CLANG_ENABLE_OBJC_WEAK = YES;
				CLANG_WARN_BLOCK_CAPTURE_AUTORELEASING = YES;
				CLANG_WARN_BOOL_CONVERSION = YES;
				CLANG_WARN_COMMA = YES;
				CLANG_WARN_CONSTANT_CONVERSION = YES;
				CLANG_WARN_DEPRECATED_OBJC_IMPLEMENTATIONS = YES;
				CLANG_WARN_DIRECT_OBJC_ISA_USAGE = YES_ERROR;
				CLANG_WARN_DOCUMENTATION_COMMENTS = YES;
				CLANG_WARN_EMPTY_BODY = YES;
				CLANG_WARN_ENUM_CONVERSION = YES;
				CLANG_WARN_INFINITE_RECURSION = YES;
				CLANG_WARN_INT_CONVERSION = YES;
				CLANG_WARN_NON_LITERAL_NULL_CONVERSION = YES;
				CLANG_WARN_OBJC_IMPLICIT_RETAIN_SELF = YES;
				CLANG_WARN_OBJC_LITERAL_CONVERSION = YES;
				CLANG_WARN_OBJC_ROOT_CLASS = YES_ERROR;
				CLANG_WARN_RANGE_LOOP_ANALYSIS = YES;
				CLANG_WARN_STRICT_PROTOTYPES = YES;
				CLANG_WARN_SUSPICIOUS_MOVE = YES;
				CLANG_WARN_UNGUARDED_AVAILABILITY = YES_AGGRESSIVE;
				CLANG_WARN_UNREACHABLE_CODE = YES;
				CLANG_WARN__DUPLICATE_METHOD_MATCH = YES;
				CODE_SIGN_IDENTITY = "iPhone Developer";
				COPY_PHASE_STRIP = NO;
				DEBUG_INFORMATION_FORMAT = dwarf;
				ENABLE_STRICT_OBJC_MSGSEND = YES;
				ENABLE_TESTABILITY = YES;
				GCC_C_LANGUAGE_STANDARD = gnu11;
				GCC_DYNAMIC_NO_PIC = NO;
				GCC_NO_COMMON_BLOCKS = YES;
				GCC_OPTIMIZATION_LEVEL = 0;
				GCC_PREPROCESSOR_DEFINITIONS = (
					"DEBUG=1",
					"$(inherited)",
				);
				GCC_WARN_64_TO_32_BIT_CONVERSION = YES;
				GCC_WARN_ABOUT_RETURN_TYPE = YES_ERROR;
				GCC_WARN_UNDECLARED_SELECTOR = YES;
				GCC_WARN_UNINITIALIZED_AUTOS = YES_AGGRESSIVE;
				GCC_WARN_UNUSED_FUNCTION = YES;
				GCC_WARN_UNUSED_VARIABLE = YES;
				IPHONEOS_DEPLOYMENT_TARGET = 12.1;
				MTL_ENABLE_DEBUG_INFO = INCLUDE_SOURCE;
				MTL_FAST_MATH = YES;
				ONLY_ACTIVE_ARCH = YES;
				SDKROOT = iphoneos;
				SWIFT_ACTIVE_COMPILATION_CONDITIONS = DEBUG;
				SWIFT_OPTIMIZATION_LEVEL = "-Onone";
			};
			name = Debug;
		};
		D067840322302CE400739A80 /* Release */ = {
			isa = XCBuildConfiguration;
			buildSettings = {
				ALWAYS_SEARCH_USER_PATHS = NO;
				CLANG_ANALYZER_NONNULL = YES;
				CLANG_ANALYZER_NUMBER_OBJECT_CONVERSION = YES_AGGRESSIVE;
				CLANG_CXX_LANGUAGE_STANDARD = "gnu++14";
				CLANG_CXX_LIBRARY = "libc++";
				CLANG_ENABLE_MODULES = YES;
				CLANG_ENABLE_OBJC_ARC = YES;
				CLANG_ENABLE_OBJC_WEAK = YES;
				CLANG_WARN_BLOCK_CAPTURE_AUTORELEASING = YES;
				CLANG_WARN_BOOL_CONVERSION = YES;
				CLANG_WARN_COMMA = YES;
				CLANG_WARN_CONSTANT_CONVERSION = YES;
				CLANG_WARN_DEPRECATED_OBJC_IMPLEMENTATIONS = YES;
				CLANG_WARN_DIRECT_OBJC_ISA_USAGE = YES_ERROR;
				CLANG_WARN_DOCUMENTATION_COMMENTS = YES;
				CLANG_WARN_EMPTY_BODY = YES;
				CLANG_WARN_ENUM_CONVERSION = YES;
				CLANG_WARN_INFINITE_RECURSION = YES;
				CLANG_WARN_INT_CONVERSION = YES;
				CLANG_WARN_NON_LITERAL_NULL_CONVERSION = YES;
				CLANG_WARN_OBJC_IMPLICIT_RETAIN_SELF = YES;
				CLANG_WARN_OBJC_LITERAL_CONVERSION = YES;
				CLANG_WARN_OBJC_ROOT_CLASS = YES_ERROR;
				CLANG_WARN_RANGE_LOOP_ANALYSIS = YES;
				CLANG_WARN_STRICT_PROTOTYPES = YES;
				CLANG_WARN_SUSPICIOUS_MOVE = YES;
				CLANG_WARN_UNGUARDED_AVAILABILITY = YES_AGGRESSIVE;
				CLANG_WARN_UNREACHABLE_CODE = YES;
				CLANG_WARN__DUPLICATE_METHOD_MATCH = YES;
				CODE_SIGN_IDENTITY = "iPhone Developer";
				COPY_PHASE_STRIP = NO;
				DEBUG_INFORMATION_FORMAT = "dwarf-with-dsym";
				ENABLE_NS_ASSERTIONS = NO;
				ENABLE_STRICT_OBJC_MSGSEND = YES;
				GCC_C_LANGUAGE_STANDARD = gnu11;
				GCC_NO_COMMON_BLOCKS = YES;
				GCC_WARN_64_TO_32_BIT_CONVERSION = YES;
				GCC_WARN_ABOUT_RETURN_TYPE = YES_ERROR;
				GCC_WARN_UNDECLARED_SELECTOR = YES;
				GCC_WARN_UNINITIALIZED_AUTOS = YES_AGGRESSIVE;
				GCC_WARN_UNUSED_FUNCTION = YES;
				GCC_WARN_UNUSED_VARIABLE = YES;
				IPHONEOS_DEPLOYMENT_TARGET = 12.1;
				MTL_ENABLE_DEBUG_INFO = NO;
				MTL_FAST_MATH = YES;
				SDKROOT = iphoneos;
				SWIFT_COMPILATION_MODE = wholemodule;
				SWIFT_OPTIMIZATION_LEVEL = "-O";
				VALIDATE_PRODUCT = YES;
			};
			name = Release;
		};
		D067840522302CE400739A80 /* Debug */ = {
			isa = XCBuildConfiguration;
			baseConfigurationReference = F61EBAA6FEAB3EE888C6A038 /* Pods-iWeather.debug.xcconfig */;
			buildSettings = {
				ASSETCATALOG_COMPILER_APPICON_NAME = AppIcon;
				CODE_SIGN_STYLE = Automatic;
				DEVELOPMENT_TEAM = DBD2357J7Z;
				INFOPLIST_FILE = "$(SRCROOT)/iWeather/Support Files/Info.plist";
				LD_RUNPATH_SEARCH_PATHS = (
					"$(inherited)",
					"@executable_path/Frameworks",
				);
				PRODUCT_BUNDLE_IDENTIFIER = xProject.iWeather;
				PRODUCT_NAME = "$(TARGET_NAME)";
				SWIFT_VERSION = 4.2;
				TARGETED_DEVICE_FAMILY = "1,2";
			};
			name = Debug;
		};
		D067840622302CE400739A80 /* Release */ = {
			isa = XCBuildConfiguration;
			baseConfigurationReference = 775A8FF0A360394AFFD5430D /* Pods-iWeather.release.xcconfig */;
			buildSettings = {
				ASSETCATALOG_COMPILER_APPICON_NAME = AppIcon;
				CODE_SIGN_STYLE = Automatic;
				DEVELOPMENT_TEAM = DBD2357J7Z;
				INFOPLIST_FILE = "$(SRCROOT)/iWeather/Support Files/Info.plist";
				LD_RUNPATH_SEARCH_PATHS = (
					"$(inherited)",
					"@executable_path/Frameworks",
				);
				PRODUCT_BUNDLE_IDENTIFIER = xProject.iWeather;
				PRODUCT_NAME = "$(TARGET_NAME)";
				SWIFT_VERSION = 4.2;
				TARGETED_DEVICE_FAMILY = "1,2";
			};
			name = Release;
		};
		D067840822302CE400739A80 /* Debug */ = {
			isa = XCBuildConfiguration;
			baseConfigurationReference = 34DA4F53F54262DDC95AD76A /* Pods-iWeatherTests.debug.xcconfig */;
			buildSettings = {
				ALWAYS_EMBED_SWIFT_STANDARD_LIBRARIES = YES;
				BUNDLE_LOADER = "$(TEST_HOST)";
				CODE_SIGN_STYLE = Automatic;
				DEVELOPMENT_TEAM = DBD2357J7Z;
				INFOPLIST_FILE = iWeatherTests/Info.plist;
				LD_RUNPATH_SEARCH_PATHS = (
					"$(inherited)",
					"@executable_path/Frameworks",
					"@loader_path/Frameworks",
				);
				PRODUCT_BUNDLE_IDENTIFIER = xProject.iWeatherTests;
				PRODUCT_NAME = "$(TARGET_NAME)";
				SWIFT_VERSION = 4.2;
				TARGETED_DEVICE_FAMILY = "1,2";
				TEST_HOST = "$(BUILT_PRODUCTS_DIR)/iWeather.app/iWeather";
			};
			name = Debug;
		};
		D067840922302CE400739A80 /* Release */ = {
			isa = XCBuildConfiguration;
			baseConfigurationReference = 51F40FB7CFB2797386B20CFE /* Pods-iWeatherTests.release.xcconfig */;
			buildSettings = {
				ALWAYS_EMBED_SWIFT_STANDARD_LIBRARIES = YES;
				BUNDLE_LOADER = "$(TEST_HOST)";
				CODE_SIGN_STYLE = Automatic;
				DEVELOPMENT_TEAM = DBD2357J7Z;
				INFOPLIST_FILE = iWeatherTests/Info.plist;
				LD_RUNPATH_SEARCH_PATHS = (
					"$(inherited)",
					"@executable_path/Frameworks",
					"@loader_path/Frameworks",
				);
				PRODUCT_BUNDLE_IDENTIFIER = xProject.iWeatherTests;
				PRODUCT_NAME = "$(TARGET_NAME)";
				SWIFT_VERSION = 4.2;
				TARGETED_DEVICE_FAMILY = "1,2";
				TEST_HOST = "$(BUILT_PRODUCTS_DIR)/iWeather.app/iWeather";
			};
			name = Release;
		};
/* End XCBuildConfiguration section */

/* Begin XCConfigurationList section */
		D06783E222302CE200739A80 /* Build configuration list for PBXProject "iWeather" */ = {
			isa = XCConfigurationList;
			buildConfigurations = (
				D067840222302CE400739A80 /* Debug */,
				D067840322302CE400739A80 /* Release */,
			);
			defaultConfigurationIsVisible = 0;
			defaultConfigurationName = Release;
		};
		D067840422302CE400739A80 /* Build configuration list for PBXNativeTarget "iWeather" */ = {
			isa = XCConfigurationList;
			buildConfigurations = (
				D067840522302CE400739A80 /* Debug */,
				D067840622302CE400739A80 /* Release */,
			);
			defaultConfigurationIsVisible = 0;
			defaultConfigurationName = Release;
		};
		D067840722302CE400739A80 /* Build configuration list for PBXNativeTarget "iWeatherTests" */ = {
			isa = XCConfigurationList;
			buildConfigurations = (
				D067840822302CE400739A80 /* Debug */,
				D067840922302CE400739A80 /* Release */,
			);
			defaultConfigurationIsVisible = 0;
			defaultConfigurationName = Release;
		};
/* End XCConfigurationList section */
	};
	rootObject = D06783DF22302CE200739A80 /* Project object */;
}
